# THIS IS AN AUTOGENERATED FILE. DO NOT EDIT THIS FILE DIRECTLY.
# yarn lockfile v1


"@types/node@20.16.2":
  version "20.16.2"
  resolved "https://registry.yarnpkg.com/@types/node/-/node-20.16.2.tgz#9e388f503a5af306e8c63319334887390966a11e"
  integrity sha512-91s/n4qUPV/wg8eE9KHYW1kouTfDk2FPGjXbBMfRWP/2vg1rCXNQL1OCabwGs0XSdukuK+MwCDXE30QpSeMUhQ==
  dependencies:
    undici-types "~6.19.2"

tsc@2.0.4:
  version "2.0.4"
  resolved "https://registry.yarnpkg.com/tsc/-/tsc-2.0.4.tgz#5f6499146abea5dca4420b451fa4f2f9345238f5"
  integrity sha512-fzoSieZI5KKJVBYGvwbVZs/J5za84f2lSTLPYf6AGiIf43tZ3GNrI1QzTLcjtyDDP4aLxd46RTZq1nQxe7+k5Q==

typescript@5.5.4:
  version "5.5.4"
  resolved "https://registry.yarnpkg.com/typescript/-/typescript-5.5.4.tgz#d9852d6c82bad2d2eda4fd74a5762a8f5909e9ba"
  integrity sha512-Mtq29sKDAEYP7aljRgtPOpTvOfbwRWlS6dPRzwjdE+C0R4brX/GUyhHSecbHMFLNBLcJIPt9nl9yG5TZ1weH+Q==

undici-types@~6.19.2:
  version "6.19.6"
  resolved "https://registry.yarnpkg.com/undici-types/-/undici-types-6.19.6.tgz#e218c3df0987f4c0e0008ca00d6b6472d9b89b36"
  integrity sha512-e/vggGopEfTKSvj4ihnOLTsqhrKRN3LeO6qSN/GxohhuRv8qH9bNQ4B8W7e/vFL+0XTnmHPB4/kegunZGA4Org==
